
Microsoft Visual Studio Solution File, Format Version 12.00
# Visual Studio Version 17
VisualStudioVersion = 17.4.33213.308
MinimumVisualStudioVersion = 10.0.40219.1
Project("{F14B399A-7131-4C87-9E4B-1186C45EF12D}") = "Report Project1", "Report Project1\Report Project1.rptproj", "{319BA8AD-BE3F-46C4-8F91-8528C226E481}"
EndProject
Global
	GlobalSection(SolutionConfigurationPlatforms) = preSolution
		Debug|Default = Debug|Default
		DebugLocal|Default = DebugLocal|Default
		Release|Default = Release|Default
	EndGlobalSection
	GlobalSection(ProjectConfigurationPlatforms) = postSolution
		{319BA8AD-BE3F-46C4-8F91-8528C226E481}.Debug|Default.ActiveCfg = Debug
		{319BA8AD-BE3F-46C4-8F91-8528C226E481}.Debug|Default.Build.0 = Debug
		{319BA8AD-BE3F-46C4-8F91-8528C226E481}.Debug|Default.Deploy.0 = Debug
		{319BA8AD-BE3F-46C4-8F91-8528C226E481}.DebugLocal|Default.ActiveCfg = DebugLocal
		{319BA8AD-BE3F-46C4-8F91-8528C226E481}.DebugLocal|Default.Build.0 = DebugLocal
		{319BA8AD-BE3F-46C4-8F91-8528C226E481}.Release|Default.ActiveCfg = Release
		{319BA8AD-BE3F-46C4-8F91-8528C226E481}.Release|Default.Build.0 = Release
		{319BA8AD-BE3F-46C4-8F91-8528C226E481}.Release|Default.Deploy.0 = Release
	EndGlobalSection
	GlobalSection(SolutionProperties) = preSolution
		HideSolutionNode = FALSE
	EndGlobalSection
	GlobalSection(ExtensibilityGlobals) = postSolution
		SolutionGuid = {CD1A0810-D560-48F6-BBBD-FF4F937585A5}
	EndGlobalSection
EndGlobal
